
Microsoft Visual Studio Solution File, Format Version 12.00
# Visual Studio Version 17
VisualStudioVersion = 17.0.31903.59
MinimumVisualStudioVersion = 10.0.40219.1
Project("{2150E333-8FDC-42A3-9474-1A3956D46DE8}") = "src", "src", "{827E0CD3-B72D-47B6-A68D-7590B98EB39B}"
EndProject
Project("{FAE04EC0-301F-11D3-BF4B-00C04F79EFBC}") = "App", "src\App\App.csproj", "{FF7A0ABB-49A2-49B3-B131-42A70802EF93}"
EndProject
Project("{2150E333-8FDC-42A3-9474-1A3956D46DE8}") = "core", "core", "{8D626EA8-CB54-BC41-363A-217881BEBA6E}"
EndProject
Project("{FAE04EC0-301F-11D3-BF4B-00C04F79EFBC}") = "Core", "src\core\Core.csproj", "{4CB3929B-8383-457C-B186-BC00630AE336}"
EndProject
Project("{2150E333-8FDC-42A3-9474-1A3956D46DE8}") = "app", "app", "{547E75E0-49BC-27F6-65D6-DF25CFFB661A}"
EndProject
Project("{2150E333-8FDC-42A3-9474-1A3956D46DE8}") = "infra", "infra", "{15879CB8-7A3F-14CE-5390-BDD4BAA5791B}"
EndProject
Project("{FAE04EC0-301F-11D3-BF4B-00C04F79EFBC}") = "Infra", "src\infra\Infra.csproj", "{F74556D7-9561-4720-B631-8C753E2EDBFF}"
EndProject
Project("{2150E333-8FDC-42A3-9474-1A3956D46DE8}") = "services", "services", "{984BB9B3-3FA3-BE33-9484-CAC21695A33C}"
EndProject
Project("{FAE04EC0-301F-11D3-BF4B-00C04F79EFBC}") = "Services", "src\services\Services.csproj", "{E920AD5A-77F1-4326-A99E-A3B9D5047F29}"
EndProject
Global
	GlobalSection(SolutionConfigurationPlatforms) = preSolution
		Debug|Any CPU = Debug|Any CPU
		Debug|x64 = Debug|x64
		Debug|x86 = Debug|x86
		Release|Any CPU = Release|Any CPU
		Release|x64 = Release|x64
		Release|x86 = Release|x86
	EndGlobalSection
	GlobalSection(ProjectConfigurationPlatforms) = postSolution
		{FF7A0ABB-49A2-49B3-B131-42A70802EF93}.Debug|Any CPU.ActiveCfg = Debug|Any CPU
		{FF7A0ABB-49A2-49B3-B131-42A70802EF93}.Debug|Any CPU.Build.0 = Debug|Any CPU
		{FF7A0ABB-49A2-49B3-B131-42A70802EF93}.Debug|x64.ActiveCfg = Debug|Any CPU
		{FF7A0ABB-49A2-49B3-B131-42A70802EF93}.Debug|x64.Build.0 = Debug|Any CPU
		{FF7A0ABB-49A2-49B3-B131-42A70802EF93}.Debug|x86.ActiveCfg = Debug|Any CPU
		{FF7A0ABB-49A2-49B3-B131-42A70802EF93}.Debug|x86.Build.0 = Debug|Any CPU
		{FF7A0ABB-49A2-49B3-B131-42A70802EF93}.Release|Any CPU.ActiveCfg = Release|Any CPU
		{FF7A0ABB-49A2-49B3-B131-42A70802EF93}.Release|Any CPU.Build.0 = Release|Any CPU
		{FF7A0ABB-49A2-49B3-B131-42A70802EF93}.Release|x64.ActiveCfg = Release|Any CPU
		{FF7A0ABB-49A2-49B3-B131-42A70802EF93}.Release|x64.Build.0 = Release|Any CPU
		{FF7A0ABB-49A2-49B3-B131-42A70802EF93}.Release|x86.ActiveCfg = Release|Any CPU
		{FF7A0ABB-49A2-49B3-B131-42A70802EF93}.Release|x86.Build.0 = Release|Any CPU
		{4CB3929B-8383-457C-B186-BC00630AE336}.Debug|Any CPU.ActiveCfg = Debug|Any CPU
		{4CB3929B-8383-457C-B186-BC00630AE336}.Debug|Any CPU.Build.0 = Debug|Any CPU
		{4CB3929B-8383-457C-B186-BC00630AE336}.Debug|x64.ActiveCfg = Debug|Any CPU
		{4CB3929B-8383-457C-B186-BC00630AE336}.Debug|x64.Build.0 = Debug|Any CPU
		{4CB3929B-8383-457C-B186-BC00630AE336}.Debug|x86.ActiveCfg = Debug|Any CPU
		{4CB3929B-8383-457C-B186-BC00630AE336}.Debug|x86.Build.0 = Debug|Any CPU
		{4CB3929B-8383-457C-B186-BC00630AE336}.Release|Any CPU.ActiveCfg = Release|Any CPU
		{4CB3929B-8383-457C-B186-BC00630AE336}.Release|Any CPU.Build.0 = Release|Any CPU
		{4CB3929B-8383-457C-B186-BC00630AE336}.Release|x64.ActiveCfg = Release|Any CPU
		{4CB3929B-8383-457C-B186-BC00630AE336}.Release|x64.Build.0 = Release|Any CPU
		{4CB3929B-8383-457C-B186-BC00630AE336}.Release|x86.ActiveCfg = Release|Any CPU
		{4CB3929B-8383-457C-B186-BC00630AE336}.Release|x86.Build.0 = Release|Any CPU
		{F74556D7-9561-4720-B631-8C753E2EDBFF}.Debug|Any CPU.ActiveCfg = Debug|Any CPU
		{F74556D7-9561-4720-B631-8C753E2EDBFF}.Debug|Any CPU.Build.0 = Debug|Any CPU
		{F74556D7-9561-4720-B631-8C753E2EDBFF}.Debug|x64.ActiveCfg = Debug|Any CPU
		{F74556D7-9561-4720-B631-8C753E2EDBFF}.Debug|x64.Build.0 = Debug|Any CPU
		{F74556D7-9561-4720-B631-8C753E2EDBFF}.Debug|x86.ActiveCfg = Debug|Any CPU
		{F74556D7-9561-4720-B631-8C753E2EDBFF}.Debug|x86.Build.0 = Debug|Any CPU
		{F74556D7-9561-4720-B631-8C753E2EDBFF}.Release|Any CPU.ActiveCfg = Release|Any CPU
		{F74556D7-9561-4720-B631-8C753E2EDBFF}.Release|Any CPU.Build.0 = Release|Any CPU
		{F74556D7-9561-4720-B631-8C753E2EDBFF}.Release|x64.ActiveCfg = Release|Any CPU
		{F74556D7-9561-4720-B631-8C753E2EDBFF}.Release|x64.Build.0 = Release|Any CPU
		{F74556D7-9561-4720-B631-8C753E2EDBFF}.Release|x86.ActiveCfg = Release|Any CPU
		{F74556D7-9561-4720-B631-8C753E2EDBFF}.Release|x86.Build.0 = Release|Any CPU
		{E920AD5A-77F1-4326-A99E-A3B9D5047F29}.Debug|Any CPU.ActiveCfg = Debug|Any CPU
		{E920AD5A-77F1-4326-A99E-A3B9D5047F29}.Debug|Any CPU.Build.0 = Debug|Any CPU
		{E920AD5A-77F1-4326-A99E-A3B9D5047F29}.Debug|x64.ActiveCfg = Debug|Any CPU
		{E920AD5A-77F1-4326-A99E-A3B9D5047F29}.Debug|x64.Build.0 = Debug|Any CPU
		{E920AD5A-77F1-4326-A99E-A3B9D5047F29}.Debug|x86.ActiveCfg = Debug|Any CPU
		{E920AD5A-77F1-4326-A99E-A3B9D5047F29}.Debug|x86.Build.0 = Debug|Any CPU
		{E920AD5A-77F1-4326-A99E-A3B9D5047F29}.Release|Any CPU.ActiveCfg = Release|Any CPU
		{E920AD5A-77F1-4326-A99E-A3B9D5047F29}.Release|Any CPU.Build.0 = Release|Any CPU
		{E920AD5A-77F1-4326-A99E-A3B9D5047F29}.Release|x64.ActiveCfg = Release|Any CPU
		{E920AD5A-77F1-4326-A99E-A3B9D5047F29}.Release|x64.Build.0 = Release|Any CPU
		{E920AD5A-77F1-4326-A99E-A3B9D5047F29}.Release|x86.ActiveCfg = Release|Any CPU
		{E920AD5A-77F1-4326-A99E-A3B9D5047F29}.Release|x86.Build.0 = Release|Any CPU
	EndGlobalSection
	GlobalSection(SolutionProperties) = preSolution
		HideSolutionNode = FALSE
	EndGlobalSection
	GlobalSection(NestedProjects) = preSolution
		{FF7A0ABB-49A2-49B3-B131-42A70802EF93} = {827E0CD3-B72D-47B6-A68D-7590B98EB39B}
		{8D626EA8-CB54-BC41-363A-217881BEBA6E} = {827E0CD3-B72D-47B6-A68D-7590B98EB39B}
		{4CB3929B-8383-457C-B186-BC00630AE336} = {8D626EA8-CB54-BC41-363A-217881BEBA6E}
		{547E75E0-49BC-27F6-65D6-DF25CFFB661A} = {827E0CD3-B72D-47B6-A68D-7590B98EB39B}
		{15879CB8-7A3F-14CE-5390-BDD4BAA5791B} = {827E0CD3-B72D-47B6-A68D-7590B98EB39B}
		{F74556D7-9561-4720-B631-8C753E2EDBFF} = {15879CB8-7A3F-14CE-5390-BDD4BAA5791B}
		{984BB9B3-3FA3-BE33-9484-CAC21695A33C} = {827E0CD3-B72D-47B6-A68D-7590B98EB39B}
		{E920AD5A-77F1-4326-A99E-A3B9D5047F29} = {984BB9B3-3FA3-BE33-9484-CAC21695A33C}
	EndGlobalSection
EndGlobal
